
Microsoft Visual Studio Solution File, Format Version 12.00
# Visual Studio 15
VisualStudioVersion = 15.0.27703.2000
MinimumVisualStudioVersion = 10.0.40219.1
Project("{9A19103F-16F7-4668-BE54-9A1E7A4F7556}") = "MapHive.Core", "MapHive.Core\MapHive.Core.csproj", "{DD574872-9218-4D13-8B5E-5DB9FDA91F3B}"
EndProject
Project("{9A19103F-16F7-4668-BE54-9A1E7A4F7556}") = "Cartomatic.Utils", "..\..\Cartomatic\Utils\Cartomatic.Utils\Cartomatic.Utils.csproj", "{A9F2E357-C89C-4C50-8603-BEA36E7657B0}"
EndProject
Project("{9A19103F-16F7-4668-BE54-9A1E7A4F7556}") = "MapHive.MembershipReboot", "MapHive.MembershipReboot\MapHive.MembershipReboot.csproj", "{6506F966-F2B4-4133-9B03-EB572EE3A437}"
EndProject
Project("{FAE04EC0-301F-11D3-BF4B-00C04F79EFBC}") = "MapHive.Cmd", "MapHive.Cmd\MapHive.Cmd.csproj", "{4DB48136-9E84-44C6-810B-A888BFD0EE86}"
EndProject
Project("{FAE04EC0-301F-11D3-BF4B-00C04F79EFBC}") = "MapHive.Cmd.Core", "MapHive.Cmd.Core\MapHive.Cmd.Core.csproj", "{8DD45970-CE70-4126-ACBF-0BFB94E9D142}"
EndProject
Global
	GlobalSection(SolutionConfigurationPlatforms) = preSolution
		Debug|Any CPU = Debug|Any CPU
		Release|Any CPU = Release|Any CPU
	EndGlobalSection
	GlobalSection(ProjectConfigurationPlatforms) = postSolution
		{DD574872-9218-4D13-8B5E-5DB9FDA91F3B}.Debug|Any CPU.ActiveCfg = Debug|Any CPU
		{DD574872-9218-4D13-8B5E-5DB9FDA91F3B}.Debug|Any CPU.Build.0 = Debug|Any CPU
		{DD574872-9218-4D13-8B5E-5DB9FDA91F3B}.Release|Any CPU.ActiveCfg = Release|Any CPU
		{DD574872-9218-4D13-8B5E-5DB9FDA91F3B}.Release|Any CPU.Build.0 = Release|Any CPU
		{A9F2E357-C89C-4C50-8603-BEA36E7657B0}.Debug|Any CPU.ActiveCfg = Debug|Any CPU
		{A9F2E357-C89C-4C50-8603-BEA36E7657B0}.Debug|Any CPU.Build.0 = Debug|Any CPU
		{A9F2E357-C89C-4C50-8603-BEA36E7657B0}.Release|Any CPU.ActiveCfg = Release|Any CPU
		{A9F2E357-C89C-4C50-8603-BEA36E7657B0}.Release|Any CPU.Build.0 = Release|Any CPU
		{6506F966-F2B4-4133-9B03-EB572EE3A437}.Debug|Any CPU.ActiveCfg = Debug|Any CPU
		{6506F966-F2B4-4133-9B03-EB572EE3A437}.Debug|Any CPU.Build.0 = Debug|Any CPU
		{6506F966-F2B4-4133-9B03-EB572EE3A437}.Release|Any CPU.ActiveCfg = Release|Any CPU
		{6506F966-F2B4-4133-9B03-EB572EE3A437}.Release|Any CPU.Build.0 = Release|Any CPU
		{4DB48136-9E84-44C6-810B-A888BFD0EE86}.Debug|Any CPU.ActiveCfg = Debug|Any CPU
		{4DB48136-9E84-44C6-810B-A888BFD0EE86}.Debug|Any CPU.Build.0 = Debug|Any CPU
		{4DB48136-9E84-44C6-810B-A888BFD0EE86}.Release|Any CPU.ActiveCfg = Release|Any CPU
		{4DB48136-9E84-44C6-810B-A888BFD0EE86}.Release|Any CPU.Build.0 = Release|Any CPU
		{8DD45970-CE70-4126-ACBF-0BFB94E9D142}.Debug|Any CPU.ActiveCfg = Debug|Any CPU
		{8DD45970-CE70-4126-ACBF-0BFB94E9D142}.Debug|Any CPU.Build.0 = Debug|Any CPU
		{8DD45970-CE70-4126-ACBF-0BFB94E9D142}.Release|Any CPU.ActiveCfg = Release|Any CPU
		{8DD45970-CE70-4126-ACBF-0BFB94E9D142}.Release|Any CPU.Build.0 = Release|Any CPU
	EndGlobalSection
	GlobalSection(SolutionProperties) = preSolution
		HideSolutionNode = FALSE
	EndGlobalSection
	GlobalSection(ExtensibilityGlobals) = postSolution
		SolutionGuid = {18CE902B-243B-4D10-A36D-8E49200C5B90}
	EndGlobalSection
EndGlobal
