
Microsoft Visual Studio Solution File, Format Version 12.00
# Visual Studio 15
VisualStudioVersion = 15.0.27703.2000
MinimumVisualStudioVersion = 10.0.40219.1
Project("{9A19103F-16F7-4668-BE54-9A1E7A4F7556}") = "MapHive.Core", "MapHive.Core\MapHive.Core.csproj", "{DD574872-9218-4D13-8B5E-5DB9FDA91F3B}"
EndProject
Project("{9A19103F-16F7-4668-BE54-9A1E7A4F7556}") = "Cartomatic.Utils", "..\..\Cartomatic\Utils\Cartomatic.Utils\Cartomatic.Utils.csproj", "{A9F2E357-C89C-4C50-8603-BEA36E7657B0}"
EndProject
Project("{9A19103F-16F7-4668-BE54-9A1E7A4F7556}") = "MapHive.Cmd", "MapHive.Cmd\MapHive.Cmd.csproj", "{4DB48136-9E84-44C6-810B-A888BFD0EE86}"
EndProject
Project("{9A19103F-16F7-4668-BE54-9A1E7A4F7556}") = "MapHive.Cmd.Core", "MapHive.Cmd.Core\MapHive.Cmd.Core.csproj", "{8DD45970-CE70-4126-ACBF-0BFB94E9D142}"
EndProject
Project("{9A19103F-16F7-4668-BE54-9A1E7A4F7556}") = "MapHive.IdentityServer", "MapHive.IdentityServer\MapHive.IdentityServer.csproj", "{243C35EB-D5C8-4FBE-A520-E530566E1231}"
EndProject
Project("{9A19103F-16F7-4668-BE54-9A1E7A4F7556}") = "MapHive.Identity", "MapHive.Identity\MapHive.Identity.csproj", "{05C2840E-768F-4B37-9AC8-6D561AB6C6FC}"
EndProject
Project("{9A19103F-16F7-4668-BE54-9A1E7A4F7556}") = "MapHive.IdentityServer.Test", "MapHive.IdentityServer.Test\MapHive.IdentityServer.Test.csproj", "{FB84FA17-3E2E-4391-A722-19649927F1C9}"
EndProject
Project("{9A19103F-16F7-4668-BE54-9A1E7A4F7556}") = "MapHive.IdentityServer.Core", "MapHive.IdentityServer.Core\MapHive.IdentityServer.Core.csproj", "{76F59138-3E9A-40FD-BA1F-5A310D30DBC7}"
EndProject
Project("{9A19103F-16F7-4668-BE54-9A1E7A4F7556}") = "MapHive.Api.Core", "MapHive.API.Core\MapHive.Api.Core.csproj", "{2A7E248D-AB31-4323-9A1D-78F25B520085}"
EndProject
Project("{9A19103F-16F7-4668-BE54-9A1E7A4F7556}") = "MapHive.Core.Api", "MapHive.Core.API\MapHive.Core.Api.csproj", "{0B2212B3-416C-460B-AB11-249D5DE84F5C}"
EndProject
Global
	GlobalSection(SolutionConfigurationPlatforms) = preSolution
		Debug|Any CPU = Debug|Any CPU
		Release|Any CPU = Release|Any CPU
	EndGlobalSection
	GlobalSection(ProjectConfigurationPlatforms) = postSolution
		{DD574872-9218-4D13-8B5E-5DB9FDA91F3B}.Debug|Any CPU.ActiveCfg = Debug|Any CPU
		{DD574872-9218-4D13-8B5E-5DB9FDA91F3B}.Debug|Any CPU.Build.0 = Debug|Any CPU
		{DD574872-9218-4D13-8B5E-5DB9FDA91F3B}.Release|Any CPU.ActiveCfg = Release|Any CPU
		{DD574872-9218-4D13-8B5E-5DB9FDA91F3B}.Release|Any CPU.Build.0 = Release|Any CPU
		{A9F2E357-C89C-4C50-8603-BEA36E7657B0}.Debug|Any CPU.ActiveCfg = Debug|Any CPU
		{A9F2E357-C89C-4C50-8603-BEA36E7657B0}.Debug|Any CPU.Build.0 = Debug|Any CPU
		{A9F2E357-C89C-4C50-8603-BEA36E7657B0}.Release|Any CPU.ActiveCfg = Release|Any CPU
		{A9F2E357-C89C-4C50-8603-BEA36E7657B0}.Release|Any CPU.Build.0 = Release|Any CPU
		{4DB48136-9E84-44C6-810B-A888BFD0EE86}.Debug|Any CPU.ActiveCfg = Debug|Any CPU
		{4DB48136-9E84-44C6-810B-A888BFD0EE86}.Debug|Any CPU.Build.0 = Debug|Any CPU
		{4DB48136-9E84-44C6-810B-A888BFD0EE86}.Release|Any CPU.ActiveCfg = Release|Any CPU
		{4DB48136-9E84-44C6-810B-A888BFD0EE86}.Release|Any CPU.Build.0 = Release|Any CPU
		{8DD45970-CE70-4126-ACBF-0BFB94E9D142}.Debug|Any CPU.ActiveCfg = Debug|Any CPU
		{8DD45970-CE70-4126-ACBF-0BFB94E9D142}.Debug|Any CPU.Build.0 = Debug|Any CPU
		{8DD45970-CE70-4126-ACBF-0BFB94E9D142}.Release|Any CPU.ActiveCfg = Release|Any CPU
		{8DD45970-CE70-4126-ACBF-0BFB94E9D142}.Release|Any CPU.Build.0 = Release|Any CPU
		{243C35EB-D5C8-4FBE-A520-E530566E1231}.Debug|Any CPU.ActiveCfg = Debug|Any CPU
		{243C35EB-D5C8-4FBE-A520-E530566E1231}.Debug|Any CPU.Build.0 = Debug|Any CPU
		{243C35EB-D5C8-4FBE-A520-E530566E1231}.Release|Any CPU.ActiveCfg = Release|Any CPU
		{243C35EB-D5C8-4FBE-A520-E530566E1231}.Release|Any CPU.Build.0 = Release|Any CPU
		{05C2840E-768F-4B37-9AC8-6D561AB6C6FC}.Debug|Any CPU.ActiveCfg = Debug|Any CPU
		{05C2840E-768F-4B37-9AC8-6D561AB6C6FC}.Debug|Any CPU.Build.0 = Debug|Any CPU
		{05C2840E-768F-4B37-9AC8-6D561AB6C6FC}.Release|Any CPU.ActiveCfg = Release|Any CPU
		{05C2840E-768F-4B37-9AC8-6D561AB6C6FC}.Release|Any CPU.Build.0 = Release|Any CPU
		{FB84FA17-3E2E-4391-A722-19649927F1C9}.Debug|Any CPU.ActiveCfg = Debug|Any CPU
		{FB84FA17-3E2E-4391-A722-19649927F1C9}.Debug|Any CPU.Build.0 = Debug|Any CPU
		{FB84FA17-3E2E-4391-A722-19649927F1C9}.Release|Any CPU.ActiveCfg = Release|Any CPU
		{FB84FA17-3E2E-4391-A722-19649927F1C9}.Release|Any CPU.Build.0 = Release|Any CPU
		{76F59138-3E9A-40FD-BA1F-5A310D30DBC7}.Debug|Any CPU.ActiveCfg = Debug|Any CPU
		{76F59138-3E9A-40FD-BA1F-5A310D30DBC7}.Debug|Any CPU.Build.0 = Debug|Any CPU
		{76F59138-3E9A-40FD-BA1F-5A310D30DBC7}.Release|Any CPU.ActiveCfg = Release|Any CPU
		{76F59138-3E9A-40FD-BA1F-5A310D30DBC7}.Release|Any CPU.Build.0 = Release|Any CPU
		{2A7E248D-AB31-4323-9A1D-78F25B520085}.Debug|Any CPU.ActiveCfg = Debug|Any CPU
		{2A7E248D-AB31-4323-9A1D-78F25B520085}.Debug|Any CPU.Build.0 = Debug|Any CPU
		{2A7E248D-AB31-4323-9A1D-78F25B520085}.Release|Any CPU.ActiveCfg = Release|Any CPU
		{2A7E248D-AB31-4323-9A1D-78F25B520085}.Release|Any CPU.Build.0 = Release|Any CPU
		{0B2212B3-416C-460B-AB11-249D5DE84F5C}.Debug|Any CPU.ActiveCfg = Debug|Any CPU
		{0B2212B3-416C-460B-AB11-249D5DE84F5C}.Debug|Any CPU.Build.0 = Debug|Any CPU
		{0B2212B3-416C-460B-AB11-249D5DE84F5C}.Release|Any CPU.ActiveCfg = Release|Any CPU
		{0B2212B3-416C-460B-AB11-249D5DE84F5C}.Release|Any CPU.Build.0 = Release|Any CPU
	EndGlobalSection
	GlobalSection(SolutionProperties) = preSolution
		HideSolutionNode = FALSE
	EndGlobalSection
	GlobalSection(ExtensibilityGlobals) = postSolution
		SolutionGuid = {18CE902B-243B-4D10-A36D-8E49200C5B90}
	EndGlobalSection
EndGlobal
