
Microsoft Visual Studio Solution File, Format Version 12.00
# Visual Studio 15
VisualStudioVersion = 15.0.27703.2000
MinimumVisualStudioVersion = 10.0.40219.1
Project("{9A19103F-16F7-4668-BE54-9A1E7A4F7556}") = "MapHive.Core", "MapHive.Core\MapHive.Core.csproj", "{DD574872-9218-4D13-8B5E-5DB9FDA91F3B}"
EndProject
Project("{9A19103F-16F7-4668-BE54-9A1E7A4F7556}") = "Cartomatic.Utils", "..\..\Cartomatic\Utils\Cartomatic.Utils\Cartomatic.Utils.csproj", "{A9F2E357-C89C-4C50-8603-BEA36E7657B0}"
EndProject
Project("{9A19103F-16F7-4668-BE54-9A1E7A4F7556}") = "MapHive.Cmd", "MapHive.Cmd\MapHive.Cmd.csproj", "{4DB48136-9E84-44C6-810B-A888BFD0EE86}"
EndProject
Project("{9A19103F-16F7-4668-BE54-9A1E7A4F7556}") = "MapHive.Core.Api", "MapHive.Core.Api\MapHive.Core.Api.csproj", "{16182D77-8598-4E6C-886A-8CF2B6CE749E}"
EndProject
Project("{9A19103F-16F7-4668-BE54-9A1E7A4F7556}") = "MapHive.Core.Cmd", "MapHive.Core.Cmd\MapHive.Core.Cmd.csproj", "{CAC45459-1B6E-4AAC-9EB7-D3CAE892009C}"
EndProject
Project("{9A19103F-16F7-4668-BE54-9A1E7A4F7556}") = "MapHive.Core.Identity", "MapHive.Core.Identity\MapHive.Core.Identity.csproj", "{5C72A495-3BF4-43D3-A46A-93E743830A51}"
EndProject
Project("{9A19103F-16F7-4668-BE54-9A1E7A4F7556}") = "MapHive.Core.IdentityServer", "MapHive.Core.IdentityServer\MapHive.Core.IdentityServer.csproj", "{E5107EDC-54A6-4614-9C4D-F309E0927A1E}"
EndProject
Project("{9A19103F-16F7-4668-BE54-9A1E7A4F7556}") = "MapHive.Core.IdentityServer.Test", "MapHive.Core.IdentityServer.Test\MapHive.Core.IdentityServer.Test.csproj", "{9A5CEFE9-6050-4F6C-AECA-43E5DF61455B}"
EndProject
Project("{9A19103F-16F7-4668-BE54-9A1E7A4F7556}") = "MapHive.Api.IdentityServer", "MapHive.Api.IdentityServer\MapHive.Api.IdentityServer.csproj", "{F40B9EFF-074A-4197-A45B-B7C14ED27E20}"
EndProject
Project("{9A19103F-16F7-4668-BE54-9A1E7A4F7556}") = "MapHive.Api.Core", "MapHive.Api.Core\MapHive.Api.Core.csproj", "{9BB0C1B0-CCB2-4EAA-8F72-A6398E03B95C}"
EndProject
Global
	GlobalSection(SolutionConfigurationPlatforms) = preSolution
		Debug|Any CPU = Debug|Any CPU
		Release|Any CPU = Release|Any CPU
	EndGlobalSection
	GlobalSection(ProjectConfigurationPlatforms) = postSolution
		{DD574872-9218-4D13-8B5E-5DB9FDA91F3B}.Debug|Any CPU.ActiveCfg = Debug|Any CPU
		{DD574872-9218-4D13-8B5E-5DB9FDA91F3B}.Debug|Any CPU.Build.0 = Debug|Any CPU
		{DD574872-9218-4D13-8B5E-5DB9FDA91F3B}.Release|Any CPU.ActiveCfg = Release|Any CPU
		{DD574872-9218-4D13-8B5E-5DB9FDA91F3B}.Release|Any CPU.Build.0 = Release|Any CPU
		{A9F2E357-C89C-4C50-8603-BEA36E7657B0}.Debug|Any CPU.ActiveCfg = Debug|Any CPU
		{A9F2E357-C89C-4C50-8603-BEA36E7657B0}.Debug|Any CPU.Build.0 = Debug|Any CPU
		{A9F2E357-C89C-4C50-8603-BEA36E7657B0}.Release|Any CPU.ActiveCfg = Release|Any CPU
		{A9F2E357-C89C-4C50-8603-BEA36E7657B0}.Release|Any CPU.Build.0 = Release|Any CPU
		{4DB48136-9E84-44C6-810B-A888BFD0EE86}.Debug|Any CPU.ActiveCfg = Debug|Any CPU
		{4DB48136-9E84-44C6-810B-A888BFD0EE86}.Debug|Any CPU.Build.0 = Debug|Any CPU
		{4DB48136-9E84-44C6-810B-A888BFD0EE86}.Release|Any CPU.ActiveCfg = Release|Any CPU
		{4DB48136-9E84-44C6-810B-A888BFD0EE86}.Release|Any CPU.Build.0 = Release|Any CPU
		{16182D77-8598-4E6C-886A-8CF2B6CE749E}.Debug|Any CPU.ActiveCfg = Debug|Any CPU
		{16182D77-8598-4E6C-886A-8CF2B6CE749E}.Debug|Any CPU.Build.0 = Debug|Any CPU
		{16182D77-8598-4E6C-886A-8CF2B6CE749E}.Release|Any CPU.ActiveCfg = Release|Any CPU
		{16182D77-8598-4E6C-886A-8CF2B6CE749E}.Release|Any CPU.Build.0 = Release|Any CPU
		{CAC45459-1B6E-4AAC-9EB7-D3CAE892009C}.Debug|Any CPU.ActiveCfg = Debug|Any CPU
		{CAC45459-1B6E-4AAC-9EB7-D3CAE892009C}.Debug|Any CPU.Build.0 = Debug|Any CPU
		{CAC45459-1B6E-4AAC-9EB7-D3CAE892009C}.Release|Any CPU.ActiveCfg = Release|Any CPU
		{CAC45459-1B6E-4AAC-9EB7-D3CAE892009C}.Release|Any CPU.Build.0 = Release|Any CPU
		{5C72A495-3BF4-43D3-A46A-93E743830A51}.Debug|Any CPU.ActiveCfg = Debug|Any CPU
		{5C72A495-3BF4-43D3-A46A-93E743830A51}.Debug|Any CPU.Build.0 = Debug|Any CPU
		{5C72A495-3BF4-43D3-A46A-93E743830A51}.Release|Any CPU.ActiveCfg = Release|Any CPU
		{5C72A495-3BF4-43D3-A46A-93E743830A51}.Release|Any CPU.Build.0 = Release|Any CPU
		{E5107EDC-54A6-4614-9C4D-F309E0927A1E}.Debug|Any CPU.ActiveCfg = Debug|Any CPU
		{E5107EDC-54A6-4614-9C4D-F309E0927A1E}.Debug|Any CPU.Build.0 = Debug|Any CPU
		{E5107EDC-54A6-4614-9C4D-F309E0927A1E}.Release|Any CPU.ActiveCfg = Release|Any CPU
		{E5107EDC-54A6-4614-9C4D-F309E0927A1E}.Release|Any CPU.Build.0 = Release|Any CPU
		{9A5CEFE9-6050-4F6C-AECA-43E5DF61455B}.Debug|Any CPU.ActiveCfg = Debug|Any CPU
		{9A5CEFE9-6050-4F6C-AECA-43E5DF61455B}.Debug|Any CPU.Build.0 = Debug|Any CPU
		{9A5CEFE9-6050-4F6C-AECA-43E5DF61455B}.Release|Any CPU.ActiveCfg = Release|Any CPU
		{9A5CEFE9-6050-4F6C-AECA-43E5DF61455B}.Release|Any CPU.Build.0 = Release|Any CPU
		{F40B9EFF-074A-4197-A45B-B7C14ED27E20}.Debug|Any CPU.ActiveCfg = Debug|Any CPU
		{F40B9EFF-074A-4197-A45B-B7C14ED27E20}.Debug|Any CPU.Build.0 = Debug|Any CPU
		{F40B9EFF-074A-4197-A45B-B7C14ED27E20}.Release|Any CPU.ActiveCfg = Release|Any CPU
		{F40B9EFF-074A-4197-A45B-B7C14ED27E20}.Release|Any CPU.Build.0 = Release|Any CPU
		{9BB0C1B0-CCB2-4EAA-8F72-A6398E03B95C}.Debug|Any CPU.ActiveCfg = Debug|Any CPU
		{9BB0C1B0-CCB2-4EAA-8F72-A6398E03B95C}.Debug|Any CPU.Build.0 = Debug|Any CPU
		{9BB0C1B0-CCB2-4EAA-8F72-A6398E03B95C}.Release|Any CPU.ActiveCfg = Release|Any CPU
		{9BB0C1B0-CCB2-4EAA-8F72-A6398E03B95C}.Release|Any CPU.Build.0 = Release|Any CPU
	EndGlobalSection
	GlobalSection(SolutionProperties) = preSolution
		HideSolutionNode = FALSE
	EndGlobalSection
	GlobalSection(ExtensibilityGlobals) = postSolution
		SolutionGuid = {18CE902B-243B-4D10-A36D-8E49200C5B90}
	EndGlobalSection
EndGlobal
